
Microsoft Visual Studio Solution File, Format Version 12.00
# Visual Studio Version 16
VisualStudioVersion = 16.0.29418.71
MinimumVisualStudioVersion = 10.0.40219.1
Project("{9A19103F-16F7-4668-BE54-9A1E7A4F7556}") = "MISA.MintaxUI", "MISA.MintaxUI\MISA.MintaxUI.csproj", "{58B869A6-FFFB-4917-93CF-3CEEF7506D8F}"
EndProject
Project("{2150E333-8FDC-42A3-9474-1A3956D46DE8}") = "src", "src", "{7C558736-CF56-4008-8C7F-D3C01CC0E9A3}"
EndProject
Project("{2150E333-8FDC-42A3-9474-1A3956D46DE8}") = "Services", "Services", "{EF5879CC-BF92-438E-8A2B-FF0C30C7525A}"
EndProject
Project("{2150E333-8FDC-42A3-9474-1A3956D46DE8}") = "ETax", "ETax", "{65A42C0A-E7BF-4D58-9909-8D822AB5FB61}"
EndProject
Project("{9A19103F-16F7-4668-BE54-9A1E7A4F7556}") = "MISA.Mintax.ETax.Api", "Services\ETax\MISA.Mintax.ETax.Api\MISA.Mintax.ETax.Api.csproj", "{076B1604-53C1-44C2-BDA0-5C9DD91303C9}"
EndProject
Project("{9A19103F-16F7-4668-BE54-9A1E7A4F7556}") = "MISA.Mintax.ETax.ApplicationCore", "Services\ETax\MISA.Mintax.ETax.ApplicationCore\MISA.Mintax.ETax.ApplicationCore.csproj", "{D2B450F3-A529-48DE-A856-7D669FCE4B64}"
EndProject
Project("{9A19103F-16F7-4668-BE54-9A1E7A4F7556}") = "MISA.Mintax.ETax.Infrastructure", "Services\ETax\MISA.Mintax.ETax.Infrastructure\MISA.Mintax.ETax.Infrastructure.csproj", "{65171EB2-66EF-4D72-BC03-2CCA6FCC59F2}"
EndProject
Global
	GlobalSection(SolutionConfigurationPlatforms) = preSolution
		Debug|Any CPU = Debug|Any CPU
		Release|Any CPU = Release|Any CPU
	EndGlobalSection
	GlobalSection(ProjectConfigurationPlatforms) = postSolution
		{58B869A6-FFFB-4917-93CF-3CEEF7506D8F}.Debug|Any CPU.ActiveCfg = Debug|Any CPU
		{58B869A6-FFFB-4917-93CF-3CEEF7506D8F}.Debug|Any CPU.Build.0 = Debug|Any CPU
		{58B869A6-FFFB-4917-93CF-3CEEF7506D8F}.Release|Any CPU.ActiveCfg = Release|Any CPU
		{58B869A6-FFFB-4917-93CF-3CEEF7506D8F}.Release|Any CPU.Build.0 = Release|Any CPU
		{076B1604-53C1-44C2-BDA0-5C9DD91303C9}.Debug|Any CPU.ActiveCfg = Debug|Any CPU
		{076B1604-53C1-44C2-BDA0-5C9DD91303C9}.Debug|Any CPU.Build.0 = Debug|Any CPU
		{076B1604-53C1-44C2-BDA0-5C9DD91303C9}.Release|Any CPU.ActiveCfg = Release|Any CPU
		{076B1604-53C1-44C2-BDA0-5C9DD91303C9}.Release|Any CPU.Build.0 = Release|Any CPU
		{D2B450F3-A529-48DE-A856-7D669FCE4B64}.Debug|Any CPU.ActiveCfg = Debug|Any CPU
		{D2B450F3-A529-48DE-A856-7D669FCE4B64}.Debug|Any CPU.Build.0 = Debug|Any CPU
		{D2B450F3-A529-48DE-A856-7D669FCE4B64}.Release|Any CPU.ActiveCfg = Release|Any CPU
		{D2B450F3-A529-48DE-A856-7D669FCE4B64}.Release|Any CPU.Build.0 = Release|Any CPU
		{65171EB2-66EF-4D72-BC03-2CCA6FCC59F2}.Debug|Any CPU.ActiveCfg = Debug|Any CPU
		{65171EB2-66EF-4D72-BC03-2CCA6FCC59F2}.Debug|Any CPU.Build.0 = Debug|Any CPU
		{65171EB2-66EF-4D72-BC03-2CCA6FCC59F2}.Release|Any CPU.ActiveCfg = Release|Any CPU
		{65171EB2-66EF-4D72-BC03-2CCA6FCC59F2}.Release|Any CPU.Build.0 = Release|Any CPU
	EndGlobalSection
	GlobalSection(SolutionProperties) = preSolution
		HideSolutionNode = FALSE
	EndGlobalSection
	GlobalSection(NestedProjects) = preSolution
		{EF5879CC-BF92-438E-8A2B-FF0C30C7525A} = {7C558736-CF56-4008-8C7F-D3C01CC0E9A3}
		{65A42C0A-E7BF-4D58-9909-8D822AB5FB61} = {EF5879CC-BF92-438E-8A2B-FF0C30C7525A}
		{076B1604-53C1-44C2-BDA0-5C9DD91303C9} = {65A42C0A-E7BF-4D58-9909-8D822AB5FB61}
		{D2B450F3-A529-48DE-A856-7D669FCE4B64} = {65A42C0A-E7BF-4D58-9909-8D822AB5FB61}
		{65171EB2-66EF-4D72-BC03-2CCA6FCC59F2} = {65A42C0A-E7BF-4D58-9909-8D822AB5FB61}
	EndGlobalSection
	GlobalSection(ExtensibilityGlobals) = postSolution
		SolutionGuid = {9979F619-8F24-4757-839C-53A6CAE4A624}
	EndGlobalSection
EndGlobal
